
Microsoft Visual Studio Solution File, Format Version 12.00
# Visual Studio Version 16
VisualStudioVersion = 16.0.31313.79
MinimumVisualStudioVersion = 10.0.40219.1
Project("{FAE04EC0-301F-11D3-BF4B-00C04F79EFBC}") = "HtmlParseTests", "HtmlParseTests\HtmlParseTests.csproj", "{BE2BEA3A-9C4C-4292-BE0F-8AC23DBB195D}"
EndProject
Global
	GlobalSection(SolutionConfigurationPlatforms) = preSolution
		Debug|Any CPU = Debug|Any CPU
		Release|Any CPU = Release|Any CPU
	EndGlobalSection
	GlobalSection(ProjectConfigurationPlatforms) = postSolution
		{BE2BEA3A-9C4C-4292-BE0F-8AC23DBB195D}.Debug|Any CPU.ActiveCfg = Debug|Any CPU
		{BE2BEA3A-9C4C-4292-BE0F-8AC23DBB195D}.Debug|Any CPU.Build.0 = Debug|Any CPU
		{BE2BEA3A-9C4C-4292-BE0F-8AC23DBB195D}.Release|Any CPU.ActiveCfg = Release|Any CPU
		{BE2BEA3A-9C4C-4292-BE0F-8AC23DBB195D}.Release|Any CPU.Build.0 = Release|Any CPU
	EndGlobalSection
	GlobalSection(SolutionProperties) = preSolution
		HideSolutionNode = FALSE
	EndGlobalSection
	GlobalSection(ExtensibilityGlobals) = postSolution
		SolutionGuid = {A235E19B-DC05-4E57-88C5-C5C865159299}
	EndGlobalSection
EndGlobal
